
Microsoft Visual Studio Solution File, Format Version 12.00
# Visual Studio Version 16
VisualStudioVersion = 16.0.30907.101
MinimumVisualStudioVersion = 10.0.40219.1
Project("{FAE04EC0-301F-11D3-BF4B-00C04F79EFBC}") = "Releasemanagment", "Releasemanagment.csproj", "{C5F15EAF-8EFD-4C2A-81E5-C36F7758AD2A}"
EndProject
Global
	GlobalSection(SolutionConfigurationPlatforms) = preSolution
		Debug|Any CPU = Debug|Any CPU
		Release|Any CPU = Release|Any CPU
	EndGlobalSection
	GlobalSection(ProjectConfigurationPlatforms) = postSolution
		{C5F15EAF-8EFD-4C2A-81E5-C36F7758AD2A}.Debug|Any CPU.ActiveCfg = Debug|Any CPU
		{C5F15EAF-8EFD-4C2A-81E5-C36F7758AD2A}.Debug|Any CPU.Build.0 = Debug|Any CPU
		{C5F15EAF-8EFD-4C2A-81E5-C36F7758AD2A}.Release|Any CPU.ActiveCfg = Release|Any CPU
		{C5F15EAF-8EFD-4C2A-81E5-C36F7758AD2A}.Release|Any CPU.Build.0 = Release|Any CPU
	EndGlobalSection
	GlobalSection(SolutionProperties) = preSolution
		HideSolutionNode = FALSE
	EndGlobalSection
	GlobalSection(ExtensibilityGlobals) = postSolution
		SolutionGuid = {1B6BE39C-BEB1-4449-AFFE-91CD42FEEC51}
	EndGlobalSection
EndGlobal
